
Microsoft Visual Studio Solution File, Format Version 12.00
# Visual Studio Version 17
VisualStudioVersion = 17.7.34024.191
MinimumVisualStudioVersion = 10.0.40219.1
Project("{FAE04EC0-301F-11D3-BF4B-00C04F79EFBC}") = "ProjectPRN221_Supermarket", "ProjectPRN221_Supermarket\ProjectPRN221_Supermarket.csproj", "{D3E37EBA-F824-4E63-A4BA-AB27F34783B3}"
EndProject
Global
	GlobalSection(SolutionConfigurationPlatforms) = preSolution
		Debug|Any CPU = Debug|Any CPU
		Release|Any CPU = Release|Any CPU
	EndGlobalSection
	GlobalSection(ProjectConfigurationPlatforms) = postSolution
		{D3E37EBA-F824-4E63-A4BA-AB27F34783B3}.Debug|Any CPU.ActiveCfg = Debug|Any CPU
		{D3E37EBA-F824-4E63-A4BA-AB27F34783B3}.Debug|Any CPU.Build.0 = Debug|Any CPU
		{D3E37EBA-F824-4E63-A4BA-AB27F34783B3}.Release|Any CPU.ActiveCfg = Release|Any CPU
		{D3E37EBA-F824-4E63-A4BA-AB27F34783B3}.Release|Any CPU.Build.0 = Release|Any CPU
	EndGlobalSection
	GlobalSection(SolutionProperties) = preSolution
		HideSolutionNode = FALSE
	EndGlobalSection
	GlobalSection(ExtensibilityGlobals) = postSolution
		SolutionGuid = {36467BEC-83D0-4F8F-B9E6-9E886937032E}
	EndGlobalSection
EndGlobal
